{"schema":"poison.javascript.lock/v1","runtime":"poison-mjs-1","entrypoint":"src/main.js","dependencies":[{"name":"tiny-value","version":"1.0.0","main":"index.js","integrity":"sha256-aNMrtBY2W3J/Mj4s1dDNAaebWPMvS51WJIqKg0ZFNgk=","source":"bundled","license":"MIT","runtime":"poison-mjs-1","dependencies":[],"files":[{"path":"index.js","sha256":"22bbdaab621a68527a72cb13119a5f8a93efe22a05939b5d48aba6a1835e6f5e","bytes":20}]}]}
