# This file is automatically @generated by Cargo.
# It is not intended for manual editing.
# This lockfile intentionally has no third-party packages. The SDK workspace
# uses only its local poison-sdk and poison-runtime crates.
version = 4

[[package]]
name = "poison-build"
version = "0.1.0"

[[package]]
name = "poison-runtime"
version = "0.1.0"
dependencies = [
 "poison-sdk",
]

[[package]]
name = "poison-sdk"
version = "0.1.0"
